
Microsoft Visual Studio Solution File, Format Version 12.00
# Visual Studio Version 16
VisualStudioVersion = 16.0.30204.135
MinimumVisualStudioVersion = 10.0.40219.1
Project("{FAE04EC0-301F-11D3-BF4B-00C04F79EFBC}") = "AuditEFCore", "AuditEFCore\AuditEFCore.csproj", "{49EE7299-A043-4FBA-B6CF-B116006F2A13}"
EndProject
Global
	GlobalSection(SolutionConfigurationPlatforms) = preSolution
		Debug|Any CPU = Debug|Any CPU
		Release|Any CPU = Release|Any CPU
	EndGlobalSection
	GlobalSection(ProjectConfigurationPlatforms) = postSolution
		{49EE7299-A043-4FBA-B6CF-B116006F2A13}.Debug|Any CPU.ActiveCfg = Debug|Any CPU
		{49EE7299-A043-4FBA-B6CF-B116006F2A13}.Debug|Any CPU.Build.0 = Debug|Any CPU
		{49EE7299-A043-4FBA-B6CF-B116006F2A13}.Release|Any CPU.ActiveCfg = Release|Any CPU
		{49EE7299-A043-4FBA-B6CF-B116006F2A13}.Release|Any CPU.Build.0 = Release|Any CPU
	EndGlobalSection
	GlobalSection(SolutionProperties) = preSolution
		HideSolutionNode = FALSE
	EndGlobalSection
	GlobalSection(ExtensibilityGlobals) = postSolution
		SolutionGuid = {D15566DF-CE2A-4CF9-9B27-45E5296EAD38}
	EndGlobalSection
EndGlobal
